// !$*UTF8*$!
{
	archiveVersion = 1;
	classes = {
	};
	objectVersion = 48;
	objects = {

/* Begin PBXBuildFile section */
		8D6C88ED2016B2D500B1BE2C /* TurnManagerView.swift in Sources */ = {isa = PBXBuildFile; fileRef = 8D6C88EC2016B2D500B1BE2C /* TurnManagerView.swift */; };
		8D6C88EF2016B2E400B1BE2C /* TurnManagerView.xib in Resources */ = {isa = PBXBuildFile; fileRef = 8D6C88EE2016B2E400B1BE2C /* TurnManagerView.xib */; };
		8DC544EC201525B400992D90 /* MenuController.swift in Sources */ = {isa = PBXBuildFile; fileRef = 8DC544EB201525B400992D90 /* MenuController.swift */; };
		8DC544EE201525CB00992D90 /* GameplayController.swift in Sources */ = {isa = PBXBuildFile; fileRef = 8DC544ED201525CB00992D90 /* GameplayController.swift */; };
		8DC544F22015295000992D90 /* GameManager.swift in Sources */ = {isa = PBXBuildFile; fileRef = 8DC544F12015295000992D90 /* GameManager.swift */; };
		8DC544F620152B3C00992D90 /* BoxView.swift in Sources */ = {isa = PBXBuildFile; fileRef = 8DC544F520152B3C00992D90 /* BoxView.swift */; };
		8DC544F820152B4900992D90 /* BoxView.xib in Resources */ = {isa = PBXBuildFile; fileRef = 8DC544F720152B4900992D90 /* BoxView.xib */; };
		8DC544FE201532FB00992D90 /* Board.swift in Sources */ = {isa = PBXBuildFile; fileRef = 8DC544FD201532FB00992D90 /* Board.swift */; };
		8DC545002015330500992D90 /* Board.xib in Resources */ = {isa = PBXBuildFile; fileRef = 8DC544FF2015330500992D90 /* Board.xib */; };
		8DC5450220153A5B00992D90 /* BoxTable.swift in Sources */ = {isa = PBXBuildFile; fileRef = 8DC5450120153A5B00992D90 /* BoxTable.swift */; };
		8DC5450420153A7C00992D90 /* BoxTable.xib in Resources */ = {isa = PBXBuildFile; fileRef = 8DC5450320153A7C00992D90 /* BoxTable.xib */; };
		8DC5450720153EAB00992D90 /* BoxTableCell.swift in Sources */ = {isa = PBXBuildFile; fileRef = 8DC5450520153EAB00992D90 /* BoxTableCell.swift */; };
		8DC5450820153EAB00992D90 /* BoxTableCell.xib in Resources */ = {isa = PBXBuildFile; fileRef = 8DC5450620153EAB00992D90 /* BoxTableCell.xib */; };
		8DDE12E82017F1AA000E2AAD /* BoxHandlerView.swift in Sources */ = {isa = PBXBuildFile; fileRef = 8DDE12E72017F1AA000E2AAD /* BoxHandlerView.swift */; };
		8DDE12EC2017F791000E2AAD /* APConstraints.swift in Sources */ = {isa = PBXBuildFile; fileRef = 8DDE12EB2017F790000E2AAD /* APConstraints.swift */; };
		8DDE12EE2017FBBC000E2AAD /* BoxHandlerView.xib in Resources */ = {isa = PBXBuildFile; fileRef = 8DDE12ED2017FBBC000E2AAD /* BoxHandlerView.xib */; };
		8DE18649201522D30016FAC2 /* AppDelegate.swift in Sources */ = {isa = PBXBuildFile; fileRef = 8DE18648201522D30016FAC2 /* AppDelegate.swift */; };
		8DE1864E201522D30016FAC2 /* Main.storyboard in Resources */ = {isa = PBXBuildFile; fileRef = 8DE1864C201522D30016FAC2 /* Main.storyboard */; };
		8DE18650201522D30016FAC2 /* Assets.xcassets in Resources */ = {isa = PBXBuildFile; fileRef = 8DE1864F201522D30016FAC2 /* Assets.xcassets */; };
		8DE18653201522D30016FAC2 /* LaunchScreen.storyboard in Resources */ = {isa = PBXBuildFile; fileRef = 8DE18651201522D30016FAC2 /* LaunchScreen.storyboard */; };
/* End PBXBuildFile section */

/* Begin PBXFileReference section */
		8D6C88EC2016B2D500B1BE2C /* TurnManagerView.swift */ = {isa = PBXFileReference; lastKnownFileType = sourcecode.swift; path = TurnManagerView.swift; sourceTree = "<group>"; };
		8D6C88EE2016B2E400B1BE2C /* TurnManagerView.xib */ = {isa = PBXFileReference; lastKnownFileType = file.xib; path = TurnManagerView.xib; sourceTree = "<group>"; };
		8DC544EB201525B400992D90 /* MenuController.swift */ = {isa = PBXFileReference; lastKnownFileType = sourcecode.swift; path = MenuController.swift; sourceTree = "<group>"; };
		8DC544ED201525CB00992D90 /* GameplayController.swift */ = {isa = PBXFileReference; lastKnownFileType = sourcecode.swift; path = GameplayController.swift; sourceTree = "<group>"; };
		8DC544F12015295000992D90 /* GameManager.swift */ = {isa = PBXFileReference; lastKnownFileType = sourcecode.swift; path = GameManager.swift; sourceTree = "<group>"; };
		8DC544F520152B3C00992D90 /* BoxView.swift */ = {isa = PBXFileReference; lastKnownFileType = sourcecode.swift; path = BoxView.swift; sourceTree = "<group>"; };
		8DC544F720152B4900992D90 /* BoxView.xib */ = {isa = PBXFileReference; lastKnownFileType = file.xib; path = BoxView.xib; sourceTree = "<group>"; };
		8DC544FD201532FB00992D90 /* Board.swift */ = {isa = PBXFileReference; lastKnownFileType = sourcecode.swift; path = Board.swift; sourceTree = "<group>"; };
		8DC544FF2015330500992D90 /* Board.xib */ = {isa = PBXFileReference; lastKnownFileType = file.xib; path = Board.xib; sourceTree = "<group>"; };
		8DC5450120153A5B00992D90 /* BoxTable.swift */ = {isa = PBXFileReference; lastKnownFileType = sourcecode.swift; path = BoxTable.swift; sourceTree = "<group>"; };
		8DC5450320153A7C00992D90 /* BoxTable.xib */ = {isa = PBXFileReference; lastKnownFileType = file.xib; path = BoxTable.xib; sourceTree = "<group>"; };
		8DC5450520153EAB00992D90 /* BoxTableCell.swift */ = {isa = PBXFileReference; lastKnownFileType = sourcecode.swift; path = BoxTableCell.swift; sourceTree = "<group>"; };
		8DC5450620153EAB00992D90 /* BoxTableCell.xib */ = {isa = PBXFileReference; lastKnownFileType = file.xib; path = BoxTableCell.xib; sourceTree = "<group>"; };
		8DDE12E72017F1AA000E2AAD /* BoxHandlerView.swift */ = {isa = PBXFileReference; lastKnownFileType = sourcecode.swift; path = BoxHandlerView.swift; sourceTree = "<group>"; };
		8DDE12EB2017F790000E2AAD /* APConstraints.swift */ = {isa = PBXFileReference; fileEncoding = 4; lastKnownFileType = sourcecode.swift; path = APConstraints.swift; sourceTree = "<group>"; };
		8DDE12ED2017FBBC000E2AAD /* BoxHandlerView.xib */ = {isa = PBXFileReference; lastKnownFileType = file.xib; path = BoxHandlerView.xib; sourceTree = "<group>"; };
		8DE18645201522D30016FAC2 /* bento.app */ = {isa = PBXFileReference; explicitFileType = wrapper.application; includeInIndex = 0; path = bento.app; sourceTree = BUILT_PRODUCTS_DIR; };
		8DE18648201522D30016FAC2 /* AppDelegate.swift */ = {isa = PBXFileReference; lastKnownFileType = sourcecode.swift; path = AppDelegate.swift; sourceTree = "<group>"; };
		8DE1864D201522D30016FAC2 /* Base */ = {isa = PBXFileReference; lastKnownFileType = file.storyboard; name = Base; path = Base.lproj/Main.storyboard; sourceTree = "<group>"; };
		8DE1864F201522D30016FAC2 /* Assets.xcassets */ = {isa = PBXFileReference; lastKnownFileType = folder.assetcatalog; path = Assets.xcassets; sourceTree = "<group>"; };
		8DE18652201522D30016FAC2 /* Base */ = {isa = PBXFileReference; lastKnownFileType = file.storyboard; name = Base; path = Base.lproj/LaunchScreen.storyboard; sourceTree = "<group>"; };
		8DE18654201522D30016FAC2 /* Info.plist */ = {isa = PBXFileReference; lastKnownFileType = text.plist.xml; path = Info.plist; sourceTree = "<group>"; };
/* End PBXFileReference section */

/* Begin PBXFrameworksBuildPhase section */
		8DE18642201522D30016FAC2 /* Frameworks */ = {
			isa = PBXFrameworksBuildPhase;
			buildActionMask = 2147483647;
			files = (
			);
			runOnlyForDeploymentPostprocessing = 0;
		};
/* End PBXFrameworksBuildPhase section */

/* Begin PBXGroup section */
		8DE1863C201522D30016FAC2 = {
			isa = PBXGroup;
			children = (
				8DE18647201522D30016FAC2 /* bento */,
				8DE18646201522D30016FAC2 /* Products */,
			);
			sourceTree = "<group>";
		};
		8DE18646201522D30016FAC2 /* Products */ = {
			isa = PBXGroup;
			children = (
				8DE18645201522D30016FAC2 /* bento.app */,
			);
			name = Products;
			sourceTree = "<group>";
		};
		8DE18647201522D30016FAC2 /* bento */ = {
			isa = PBXGroup;
			children = (
				8DDE12EB2017F790000E2AAD /* APConstraints.swift */,
				8DE18648201522D30016FAC2 /* AppDelegate.swift */,
				8DC544EB201525B400992D90 /* MenuController.swift */,
				8DC544ED201525CB00992D90 /* GameplayController.swift */,
				8DC544F12015295000992D90 /* GameManager.swift */,
				8DE1864C201522D30016FAC2 /* Main.storyboard */,
				8DE1864F201522D30016FAC2 /* Assets.xcassets */,
				8DE18651201522D30016FAC2 /* LaunchScreen.storyboard */,
				8DE18654201522D30016FAC2 /* Info.plist */,
				8DC544F520152B3C00992D90 /* BoxView.swift */,
				8DC544F720152B4900992D90 /* BoxView.xib */,
				8DC544FD201532FB00992D90 /* Board.swift */,
				8DC544FF2015330500992D90 /* Board.xib */,
				8DC5450120153A5B00992D90 /* BoxTable.swift */,
				8DC5450320153A7C00992D90 /* BoxTable.xib */,
				8DC5450520153EAB00992D90 /* BoxTableCell.swift */,
				8DC5450620153EAB00992D90 /* BoxTableCell.xib */,
				8D6C88EC2016B2D500B1BE2C /* TurnManagerView.swift */,
				8D6C88EE2016B2E400B1BE2C /* TurnManagerView.xib */,
				8DDE12E72017F1AA000E2AAD /* BoxHandlerView.swift */,
				8DDE12ED2017FBBC000E2AAD /* BoxHandlerView.xib */,
			);
			path = bento;
			sourceTree = "<group>";
		};
/* End PBXGroup section */

/* Begin PBXNativeTarget section */
		8DE18644201522D30016FAC2 /* bento */ = {
			isa = PBXNativeTarget;
			buildConfigurationList = 8DE18657201522D30016FAC2 /* Build configuration list for PBXNativeTarget "bento" */;
			buildPhases = (
				8DE18641201522D30016FAC2 /* Sources */,
				8DE18642201522D30016FAC2 /* Frameworks */,
				8DE18643201522D30016FAC2 /* Resources */,
			);
			buildRules = (
			);
			dependencies = (
			);
			name = bento;
			productName = bento;
			productReference = 8DE18645201522D30016FAC2 /* bento.app */;
			productType = "com.apple.product-type.application";
		};
/* End PBXNativeTarget section */

/* Begin PBXProject section */
		8DE1863D201522D30016FAC2 /* Project object */ = {
			isa = PBXProject;
			attributes = {
				LastSwiftUpdateCheck = 0900;
				LastUpgradeCheck = 0900;
				ORGANIZATIONNAME = Eyebrowman;
				TargetAttributes = {
					8DE18644201522D30016FAC2 = {
						CreatedOnToolsVersion = 9.0;
						ProvisioningStyle = Automatic;
					};
				};
			};
			buildConfigurationList = 8DE18640201522D30016FAC2 /* Build configuration list for PBXProject "bento" */;
			compatibilityVersion = "Xcode 8.0";
			developmentRegion = en;
			hasScannedForEncodings = 0;
			knownRegions = (
				en,
				Base,
			);
			mainGroup = 8DE1863C201522D30016FAC2;
			productRefGroup = 8DE18646201522D30016FAC2 /* Products */;
			projectDirPath = "";
			projectRoot = "";
			targets = (
				8DE18644201522D30016FAC2 /* bento */,
			);
		};
/* End PBXProject section */

/* Begin PBXResourcesBuildPhase section */
		8DE18643201522D30016FAC2 /* Resources */ = {
			isa = PBXResourcesBuildPhase;
			buildActionMask = 2147483647;
			files = (
				8DC544F820152B4900992D90 /* BoxView.xib in Resources */,
				8DC545002015330500992D90 /* Board.xib in Resources */,
				8DC5450820153EAB00992D90 /* BoxTableCell.xib in Resources */,
				8DDE12EE2017FBBC000E2AAD /* BoxHandlerView.xib in Resources */,
				8D6C88EF2016B2E400B1BE2C /* TurnManagerView.xib in Resources */,
				8DC5450420153A7C00992D90 /* BoxTable.xib in Resources */,
				8DE18653201522D30016FAC2 /* LaunchScreen.storyboard in Resources */,
				8DE18650201522D30016FAC2 /* Assets.xcassets in Resources */,
				8DE1864E201522D30016FAC2 /* Main.storyboard in Resources */,
			);
			runOnlyForDeploymentPostprocessing = 0;
		};
/* End PBXResourcesBuildPhase section */

/* Begin PBXSourcesBuildPhase section */
		8DE18641201522D30016FAC2 /* Sources */ = {
			isa = PBXSourcesBuildPhase;
			buildActionMask = 2147483647;
			files = (
				8DC544EC201525B400992D90 /* MenuController.swift in Sources */,
				8DE18649201522D30016FAC2 /* AppDelegate.swift in Sources */,
				8D6C88ED2016B2D500B1BE2C /* TurnManagerView.swift in Sources */,
				8DC544FE201532FB00992D90 /* Board.swift in Sources */,
				8DC544F620152B3C00992D90 /* BoxView.swift in Sources */,
				8DC544EE201525CB00992D90 /* GameplayController.swift in Sources */,
				8DC5450220153A5B00992D90 /* BoxTable.swift in Sources */,
				8DDE12EC2017F791000E2AAD /* APConstraints.swift in Sources */,
				8DDE12E82017F1AA000E2AAD /* BoxHandlerView.swift in Sources */,
				8DC5450720153EAB00992D90 /* BoxTableCell.swift in Sources */,
				8DC544F22015295000992D90 /* GameManager.swift in Sources */,
			);
			runOnlyForDeploymentPostprocessing = 0;
		};
/* End PBXSourcesBuildPhase section */

/* Begin PBXVariantGroup section */
		8DE1864C201522D30016FAC2 /* Main.storyboard */ = {
			isa = PBXVariantGroup;
			children = (
				8DE1864D201522D30016FAC2 /* Base */,
			);
			name = Main.storyboard;
			sourceTree = "<group>";
		};
		8DE18651201522D30016FAC2 /* LaunchScreen.storyboard */ = {
			isa = PBXVariantGroup;
			children = (
				8DE18652201522D30016FAC2 /* Base */,
			);
			name = LaunchScreen.storyboard;
			sourceTree = "<group>";
		};
/* End PBXVariantGroup section */

/* Begin XCBuildConfiguration section */
		8DE18655201522D30016FAC2 /* Debug */ = {
			isa = XCBuildConfiguration;
			buildSettings = {
				ALWAYS_SEARCH_USER_PATHS = NO;
				CLANG_ANALYZER_NONNULL = YES;
				CLANG_ANALYZER_NUMBER_OBJECT_CONVERSION = YES_AGGRESSIVE;
				CLANG_CXX_LANGUAGE_STANDARD = "gnu++14";
				CLANG_CXX_LIBRARY = "libc++";
				CLANG_ENABLE_MODULES = YES;
				CLANG_ENABLE_OBJC_ARC = YES;
				CLANG_WARN_BLOCK_CAPTURE_AUTORELEASING = YES;
				CLANG_WARN_BOOL_CONVERSION = YES;
				CLANG_WARN_COMMA = YES;
				CLANG_WARN_CONSTANT_CONVERSION = YES;
				CLANG_WARN_DIRECT_OBJC_ISA_USAGE = YES_ERROR;
				CLANG_WARN_DOCUMENTATION_COMMENTS = YES;
				CLANG_WARN_EMPTY_BODY = YES;
				CLANG_WARN_ENUM_CONVERSION = YES;
				CLANG_WARN_INFINITE_RECURSION = YES;
				CLANG_WARN_INT_CONVERSION = YES;
				CLANG_WARN_NON_LITERAL_NULL_CONVERSION = YES;
				CLANG_WARN_OBJC_LITERAL_CONVERSION = YES;
				CLANG_WARN_OBJC_ROOT_CLASS = YES_ERROR;
				CLANG_WARN_RANGE_LOOP_ANALYSIS = YES;
				CLANG_WARN_STRICT_PROTOTYPES = YES;
				CLANG_WARN_SUSPICIOUS_MOVE = YES;
				CLANG_WARN_UNGUARDED_AVAILABILITY = YES_AGGRESSIVE;
				CLANG_WARN_UNREACHABLE_CODE = YES;
				CLANG_WARN__DUPLICATE_METHOD_MATCH = YES;
				CODE_SIGN_IDENTITY = "iPhone Developer";
				COPY_PHASE_STRIP = NO;
				DEBUG_INFORMATION_FORMAT = dwarf;
				ENABLE_STRICT_OBJC_MSGSEND = YES;
				ENABLE_TESTABILITY = YES;
				GCC_C_LANGUAGE_STANDARD = gnu11;
				GCC_DYNAMIC_NO_PIC = NO;
				GCC_NO_COMMON_BLOCKS = YES;
				GCC_OPTIMIZATION_LEVEL = 0;
				GCC_PREPROCESSOR_DEFINITIONS = (
					"DEBUG=1",
					"$(inherited)",
				);
				GCC_WARN_64_TO_32_BIT_CONVERSION = YES;
				GCC_WARN_ABOUT_RETURN_TYPE = YES_ERROR;
				GCC_WARN_UNDECLARED_SELECTOR = YES;
				GCC_WARN_UNINITIALIZED_AUTOS = YES_AGGRESSIVE;
				GCC_WARN_UNUSED_FUNCTION = YES;
				GCC_WARN_UNUSED_VARIABLE = YES;
				IPHONEOS_DEPLOYMENT_TARGET = 11.0;
				MTL_ENABLE_DEBUG_INFO = YES;
				ONLY_ACTIVE_ARCH = YES;
				SDKROOT = iphoneos;
				SWIFT_ACTIVE_COMPILATION_CONDITIONS = DEBUG;
				SWIFT_OPTIMIZATION_LEVEL = "-Onone";
			};
			name = Debug;
		};
		8DE18656201522D30016FAC2 /* Release */ = {
			isa = XCBuildConfiguration;
			buildSettings = {
				ALWAYS_SEARCH_USER_PATHS = NO;
				CLANG_ANALYZER_NONNULL = YES;
				CLANG_ANALYZER_NUMBER_OBJECT_CONVERSION = YES_AGGRESSIVE;
				CLANG_CXX_LANGUAGE_STANDARD = "gnu++14";
				CLANG_CXX_LIBRARY = "libc++";
				CLANG_ENABLE_MODULES = YES;
				CLANG_ENABLE_OBJC_ARC = YES;
				CLANG_WARN_BLOCK_CAPTURE_AUTORELEASING = YES;
				CLANG_WARN_BOOL_CONVERSION = YES;
				CLANG_WARN_COMMA = YES;
				CLANG_WARN_CONSTANT_CONVERSION = YES;
				CLANG_WARN_DIRECT_OBJC_ISA_USAGE = YES_ERROR;
				CLANG_WARN_DOCUMENTATION_COMMENTS = YES;
				CLANG_WARN_EMPTY_BODY = YES;
				CLANG_WARN_ENUM_CONVERSION = YES;
				CLANG_WARN_INFINITE_RECURSION = YES;
				CLANG_WARN_INT_CONVERSION = YES;
				CLANG_WARN_NON_LITERAL_NULL_CONVERSION = YES;
				CLANG_WARN_OBJC_LITERAL_CONVERSION = YES;
				CLANG_WARN_OBJC_ROOT_CLASS = YES_ERROR;
				CLANG_WARN_RANGE_LOOP_ANALYSIS = YES;
				CLANG_WARN_STRICT_PROTOTYPES = YES;
				CLANG_WARN_SUSPICIOUS_MOVE = YES;
				CLANG_WARN_UNGUARDED_AVAILABILITY = YES_AGGRESSIVE;
				CLANG_WARN_UNREACHABLE_CODE = YES;
				CLANG_WARN__DUPLICATE_METHOD_MATCH = YES;
				CODE_SIGN_IDENTITY = "iPhone Developer";
				COPY_PHASE_STRIP = NO;
				DEBUG_INFORMATION_FORMAT = "dwarf-with-dsym";
				ENABLE_NS_ASSERTIONS = NO;
				ENABLE_STRICT_OBJC_MSGSEND = YES;
				GCC_C_LANGUAGE_STANDARD = gnu11;
				GCC_NO_COMMON_BLOCKS = YES;
				GCC_WARN_64_TO_32_BIT_CONVERSION = YES;
				GCC_WARN_ABOUT_RETURN_TYPE = YES_ERROR;
				GCC_WARN_UNDECLARED_SELECTOR = YES;
				GCC_WARN_UNINITIALIZED_AUTOS = YES_AGGRESSIVE;
				GCC_WARN_UNUSED_FUNCTION = YES;
				GCC_WARN_UNUSED_VARIABLE = YES;
				IPHONEOS_DEPLOYMENT_TARGET = 11.0;
				MTL_ENABLE_DEBUG_INFO = NO;
				SDKROOT = iphoneos;
				SWIFT_OPTIMIZATION_LEVEL = "-Owholemodule";
				VALIDATE_PRODUCT = YES;
			};
			name = Release;
		};
		8DE18658201522D30016FAC2 /* Debug */ = {
			isa = XCBuildConfiguration;
			buildSettings = {
				ASSETCATALOG_COMPILER_APPICON_NAME = AppIcon;
				CODE_SIGN_STYLE = Automatic;
				DEVELOPMENT_TEAM = 8485ZB8GUD;
				INFOPLIST_FILE = bento/Info.plist;
				LD_RUNPATH_SEARCH_PATHS = "$(inherited) @executable_path/Frameworks";
				PRODUCT_BUNDLE_IDENTIFIER = eyebrowman.bento;
				PRODUCT_NAME = "$(TARGET_NAME)";
				SWIFT_VERSION = 4.0;
				TARGETED_DEVICE_FAMILY = "1,2";
			};
			name = Debug;
		};
		8DE18659201522D30016FAC2 /* Release */ = {
			isa = XCBuildConfiguration;
			buildSettings = {
				ASSETCATALOG_COMPILER_APPICON_NAME = AppIcon;
				CODE_SIGN_STYLE = Automatic;
				DEVELOPMENT_TEAM = 8485ZB8GUD;
				INFOPLIST_FILE = bento/Info.plist;
				LD_RUNPATH_SEARCH_PATHS = "$(inherited) @executable_path/Frameworks";
				PRODUCT_BUNDLE_IDENTIFIER = eyebrowman.bento;
				PRODUCT_NAME = "$(TARGET_NAME)";
				SWIFT_VERSION = 4.0;
				TARGETED_DEVICE_FAMILY = "1,2";
			};
			name = Release;
		};
/* End XCBuildConfiguration section */

/* Begin XCConfigurationList section */
		8DE18640201522D30016FAC2 /* Build configuration list for PBXProject "bento" */ = {
			isa = XCConfigurationList;
			buildConfigurations = (
				8DE18655201522D30016FAC2 /* Debug */,
				8DE18656201522D30016FAC2 /* Release */,
			);
			defaultConfigurationIsVisible = 0;
			defaultConfigurationName = Release;
		};
		8DE18657201522D30016FAC2 /* Build configuration list for PBXNativeTarget "bento" */ = {
			isa = XCConfigurationList;
			buildConfigurations = (
				8DE18658201522D30016FAC2 /* Debug */,
				8DE18659201522D30016FAC2 /* Release */,
			);
			defaultConfigurationIsVisible = 0;
			defaultConfigurationName = Release;
		};
/* End XCConfigurationList section */
	};
	rootObject = 8DE1863D201522D30016FAC2 /* Project object */;
}
